
Microsoft Visual Studio Solution File, Format Version 12.00
# Visual Studio Version 17
VisualStudioVersion = 17.6.33829.357
MinimumVisualStudioVersion = 10.0.40219.1
Project("{FAE04EC0-301F-11D3-BF4B-00C04F79EFBC}") = "01. Reverse Strings", "Strings and Text Processing\01. Reverse Strings.csproj", "{214FF955-90E6-4A14-A2CE-B227C1E507B4}"
EndProject
Project("{FAE04EC0-301F-11D3-BF4B-00C04F79EFBC}") = "02. Repeat Strings", "02. Repeat Strings\02. Repeat Strings.csproj", "{89138610-4AD6-4046-9AFD-4B571AFA4289}"
EndProject
Project("{FAE04EC0-301F-11D3-BF4B-00C04F79EFBC}") = "03. Substring", "03. Substring\03. Substring.csproj", "{2BB38A51-8B4A-4B0E-BD9F-B5EFF0401D78}"
EndProject
Project("{FAE04EC0-301F-11D3-BF4B-00C04F79EFBC}") = "04. Text Filter", "04. Text Filter\04. Text Filter.csproj", "{125665E3-E19F-4570-BCAD-324A02B9C977}"
EndProject
Project("{FAE04EC0-301F-11D3-BF4B-00C04F79EFBC}") = "05. Digits, Letters and Others", "05. Digits, Letters and Others\05. Digits, Letters and Others.csproj", "{7091C0DC-A05A-4CAF-A18E-132A81B1236B}"
EndProject
Global
	GlobalSection(SolutionConfigurationPlatforms) = preSolution
		Debug|Any CPU = Debug|Any CPU
		Release|Any CPU = Release|Any CPU
	EndGlobalSection
	GlobalSection(ProjectConfigurationPlatforms) = postSolution
		{214FF955-90E6-4A14-A2CE-B227C1E507B4}.Debug|Any CPU.ActiveCfg = Debug|Any CPU
		{214FF955-90E6-4A14-A2CE-B227C1E507B4}.Debug|Any CPU.Build.0 = Debug|Any CPU
		{214FF955-90E6-4A14-A2CE-B227C1E507B4}.Release|Any CPU.ActiveCfg = Release|Any CPU
		{214FF955-90E6-4A14-A2CE-B227C1E507B4}.Release|Any CPU.Build.0 = Release|Any CPU
		{89138610-4AD6-4046-9AFD-4B571AFA4289}.Debug|Any CPU.ActiveCfg = Debug|Any CPU
		{89138610-4AD6-4046-9AFD-4B571AFA4289}.Debug|Any CPU.Build.0 = Debug|Any CPU
		{89138610-4AD6-4046-9AFD-4B571AFA4289}.Release|Any CPU.ActiveCfg = Release|Any CPU
		{89138610-4AD6-4046-9AFD-4B571AFA4289}.Release|Any CPU.Build.0 = Release|Any CPU
		{2BB38A51-8B4A-4B0E-BD9F-B5EFF0401D78}.Debug|Any CPU.ActiveCfg = Debug|Any CPU
		{2BB38A51-8B4A-4B0E-BD9F-B5EFF0401D78}.Debug|Any CPU.Build.0 = Debug|Any CPU
		{2BB38A51-8B4A-4B0E-BD9F-B5EFF0401D78}.Release|Any CPU.ActiveCfg = Release|Any CPU
		{2BB38A51-8B4A-4B0E-BD9F-B5EFF0401D78}.Release|Any CPU.Build.0 = Release|Any CPU
		{125665E3-E19F-4570-BCAD-324A02B9C977}.Debug|Any CPU.ActiveCfg = Debug|Any CPU
		{125665E3-E19F-4570-BCAD-324A02B9C977}.Debug|Any CPU.Build.0 = Debug|Any CPU
		{125665E3-E19F-4570-BCAD-324A02B9C977}.Release|Any CPU.ActiveCfg = Release|Any CPU
		{125665E3-E19F-4570-BCAD-324A02B9C977}.Release|Any CPU.Build.0 = Release|Any CPU
		{7091C0DC-A05A-4CAF-A18E-132A81B1236B}.Debug|Any CPU.ActiveCfg = Debug|Any CPU
		{7091C0DC-A05A-4CAF-A18E-132A81B1236B}.Debug|Any CPU.Build.0 = Debug|Any CPU
		{7091C0DC-A05A-4CAF-A18E-132A81B1236B}.Release|Any CPU.ActiveCfg = Release|Any CPU
		{7091C0DC-A05A-4CAF-A18E-132A81B1236B}.Release|Any CPU.Build.0 = Release|Any CPU
	EndGlobalSection
	GlobalSection(SolutionProperties) = preSolution
		HideSolutionNode = FALSE
	EndGlobalSection
	GlobalSection(ExtensibilityGlobals) = postSolution
		SolutionGuid = {76F86FA2-D974-473F-82F0-1BCFDE1549A3}
	EndGlobalSection
EndGlobal
